
Microsoft Visual Studio Solution File, Format Version 12.00
# Visual Studio Version 16
VisualStudioVersion = 16.0.31005.135
MinimumVisualStudioVersion = 10.0.40219.1
Project("{FAE04EC0-301F-11D3-BF4B-00C04F79EFBC}") = "TP01", "TP01\TP01.csproj", "{3471617D-8390-4B7A-AF46-4B56E5033F05}"
EndProject
Global
	GlobalSection(SolutionConfigurationPlatforms) = preSolution
		Debug|Any CPU = Debug|Any CPU
		Release|Any CPU = Release|Any CPU
	EndGlobalSection
	GlobalSection(ProjectConfigurationPlatforms) = postSolution
		{3471617D-8390-4B7A-AF46-4B56E5033F05}.Debug|Any CPU.ActiveCfg = Debug|Any CPU
		{3471617D-8390-4B7A-AF46-4B56E5033F05}.Debug|Any CPU.Build.0 = Debug|Any CPU
		{3471617D-8390-4B7A-AF46-4B56E5033F05}.Release|Any CPU.ActiveCfg = Release|Any CPU
		{3471617D-8390-4B7A-AF46-4B56E5033F05}.Release|Any CPU.Build.0 = Release|Any CPU
	EndGlobalSection
	GlobalSection(SolutionProperties) = preSolution
		HideSolutionNode = FALSE
	EndGlobalSection
	GlobalSection(ExtensibilityGlobals) = postSolution
		SolutionGuid = {5E568777-0B5E-49EC-BAAF-4A4706EB268B}
	EndGlobalSection
EndGlobal
