
Microsoft Visual Studio Solution File, Format Version 12.00
# Visual Studio Version 16
VisualStudioVersion = 16.0.31112.23
MinimumVisualStudioVersion = 10.0.40219.1
Project("{FAE04EC0-301F-11D3-BF4B-00C04F79EFBC}") = "TP01", "TP01\TP01.csproj", "{602E3250-F6A8-4969-BE20-6C7F9E1BE6FA}"
EndProject
Global
	GlobalSection(SolutionConfigurationPlatforms) = preSolution
		Debug|Any CPU = Debug|Any CPU
		Release|Any CPU = Release|Any CPU
	EndGlobalSection
	GlobalSection(ProjectConfigurationPlatforms) = postSolution
		{602E3250-F6A8-4969-BE20-6C7F9E1BE6FA}.Debug|Any CPU.ActiveCfg = Debug|Any CPU
		{602E3250-F6A8-4969-BE20-6C7F9E1BE6FA}.Debug|Any CPU.Build.0 = Debug|Any CPU
		{602E3250-F6A8-4969-BE20-6C7F9E1BE6FA}.Release|Any CPU.ActiveCfg = Release|Any CPU
		{602E3250-F6A8-4969-BE20-6C7F9E1BE6FA}.Release|Any CPU.Build.0 = Release|Any CPU
	EndGlobalSection
	GlobalSection(SolutionProperties) = preSolution
		HideSolutionNode = FALSE
	EndGlobalSection
	GlobalSection(ExtensibilityGlobals) = postSolution
		SolutionGuid = {9137FBF5-D00C-4DD8-B213-889F5FDA39FD}
	EndGlobalSection
EndGlobal
